
Microsoft Visual Studio Solution File, Format Version 12.00
# Visual Studio Version 17
VisualStudioVersion = 17.11.35327.3
MinimumVisualStudioVersion = 10.0.40219.1
Project("{9A19103F-16F7-4668-BE54-9A1E7A4F7556}") = "ValantDemoApi", "ValantDemoApi\ValantDemoApi.csproj", "{1FA8816A-A920-4B6E-8E7C-4F0E2F99F660}"
EndProject
Project("{9A19103F-16F7-4668-BE54-9A1E7A4F7556}") = "ValantDemoApi.Tests", "ValantDemoApi.Tests\ValantDemoApi.Tests.csproj", "{6A587664-C6B8-42B6-94BC-65F1D88EE4A4}"
EndProject
Project("{2150E333-8FDC-42A3-9474-1A3956D46DE8}") = "src", "src", "{B09CF671-C2E5-4032-8DE0-904C7E5E6A31}"
EndProject
Project("{2150E333-8FDC-42A3-9474-1A3956D46DE8}") = "test", "test", "{F3315EE3-C2A6-4D14-9446-27CC34CB1E78}"
EndProject
Project("{FAE04EC0-301F-11D3-BF4B-00C04F79EFBC}") = "ValantDemoApi.Services", "ValantDemoApi.Services\ValantDemoApi.Services.csproj", "{31B062D2-28E4-4AA2-A177-07E13DA45505}"
EndProject
Project("{FAE04EC0-301F-11D3-BF4B-00C04F79EFBC}") = "ValantDemoApi.Repository", "ValantDemoApi.Repository\ValantDemoApi.Repository.csproj", "{2E2A5E3C-AF54-4482-829B-0055759CA87C}"
EndProject
Global
	GlobalSection(SolutionConfigurationPlatforms) = preSolution
		Debug|Any CPU = Debug|Any CPU
		Release|Any CPU = Release|Any CPU
	EndGlobalSection
	GlobalSection(ProjectConfigurationPlatforms) = postSolution
		{1FA8816A-A920-4B6E-8E7C-4F0E2F99F660}.Debug|Any CPU.ActiveCfg = Debug|Any CPU
		{1FA8816A-A920-4B6E-8E7C-4F0E2F99F660}.Debug|Any CPU.Build.0 = Debug|Any CPU
		{1FA8816A-A920-4B6E-8E7C-4F0E2F99F660}.Release|Any CPU.ActiveCfg = Release|Any CPU
		{1FA8816A-A920-4B6E-8E7C-4F0E2F99F660}.Release|Any CPU.Build.0 = Release|Any CPU
		{6A587664-C6B8-42B6-94BC-65F1D88EE4A4}.Debug|Any CPU.ActiveCfg = Debug|Any CPU
		{6A587664-C6B8-42B6-94BC-65F1D88EE4A4}.Debug|Any CPU.Build.0 = Debug|Any CPU
		{6A587664-C6B8-42B6-94BC-65F1D88EE4A4}.Release|Any CPU.ActiveCfg = Release|Any CPU
		{6A587664-C6B8-42B6-94BC-65F1D88EE4A4}.Release|Any CPU.Build.0 = Release|Any CPU
		{31B062D2-28E4-4AA2-A177-07E13DA45505}.Debug|Any CPU.ActiveCfg = Debug|Any CPU
		{31B062D2-28E4-4AA2-A177-07E13DA45505}.Debug|Any CPU.Build.0 = Debug|Any CPU
		{31B062D2-28E4-4AA2-A177-07E13DA45505}.Release|Any CPU.ActiveCfg = Release|Any CPU
		{31B062D2-28E4-4AA2-A177-07E13DA45505}.Release|Any CPU.Build.0 = Release|Any CPU
		{2E2A5E3C-AF54-4482-829B-0055759CA87C}.Debug|Any CPU.ActiveCfg = Debug|Any CPU
		{2E2A5E3C-AF54-4482-829B-0055759CA87C}.Debug|Any CPU.Build.0 = Debug|Any CPU
		{2E2A5E3C-AF54-4482-829B-0055759CA87C}.Release|Any CPU.ActiveCfg = Release|Any CPU
		{2E2A5E3C-AF54-4482-829B-0055759CA87C}.Release|Any CPU.Build.0 = Release|Any CPU
	EndGlobalSection
	GlobalSection(SolutionProperties) = preSolution
		HideSolutionNode = FALSE
	EndGlobalSection
	GlobalSection(NestedProjects) = preSolution
		{1FA8816A-A920-4B6E-8E7C-4F0E2F99F660} = {B09CF671-C2E5-4032-8DE0-904C7E5E6A31}
		{6A587664-C6B8-42B6-94BC-65F1D88EE4A4} = {F3315EE3-C2A6-4D14-9446-27CC34CB1E78}
		{31B062D2-28E4-4AA2-A177-07E13DA45505} = {B09CF671-C2E5-4032-8DE0-904C7E5E6A31}
		{2E2A5E3C-AF54-4482-829B-0055759CA87C} = {B09CF671-C2E5-4032-8DE0-904C7E5E6A31}
	EndGlobalSection
	GlobalSection(ExtensibilityGlobals) = postSolution
		SolutionGuid = {091496D8-4BE7-445B-A1A2-C730A60A1FA4}
	EndGlobalSection
EndGlobal
